// !$*UTF8*$!
{
	archiveVersion = 1;
	classes = {
	};
	objectVersion = 51;
	objects = {

/* Begin PBXBuildFile section */
		903AEC5F254DB3DE00F436B9 /* Domain.framework in Frameworks */ = {isa = PBXBuildFile; fileRef = 9058FF57254B97AC00FA4C6D /* Domain.framework */; };
		903AEC60254DB3DE00F436B9 /* Domain.framework in Embed Frameworks */ = {isa = PBXBuildFile; fileRef = 9058FF57254B97AC00FA4C6D /* Domain.framework */; settings = {ATTRIBUTES = (CodeSignOnCopy, RemoveHeadersOnCopy, ); }; };
		9058FF64254B98C600FA4C6D /* GetCurrency.swift in Sources */ = {isa = PBXBuildFile; fileRef = 9058FF63254B98C600FA4C6D /* GetCurrency.swift */; };
		9058FF6A254B9ADE00FA4C6D /* CurrencyModel.swift in Sources */ = {isa = PBXBuildFile; fileRef = 9058FF69254B9ADE00FA4C6D /* CurrencyModel.swift */; };
		9058FF85254B9C8A00FA4C6D /* Data.framework in Frameworks */ = {isa = PBXBuildFile; fileRef = 9058FF7C254B9C8A00FA4C6D /* Data.framework */; };
		9058FF8A254B9C8A00FA4C6D /* RemoteGetCurrencyTests.swift in Sources */ = {isa = PBXBuildFile; fileRef = 9058FF89254B9C8A00FA4C6D /* RemoteGetCurrencyTests.swift */; };
		905A616B254E55A700ADDD19 /* Model.swift in Sources */ = {isa = PBXBuildFile; fileRef = 905A616A254E55A700ADDD19 /* Model.swift */; };
		905A6170254E566D00ADDD19 /* RemoteGetCurrency.swift in Sources */ = {isa = PBXBuildFile; fileRef = 905A616F254E566D00ADDD19 /* RemoteGetCurrency.swift */; };
		905A6175254E56ED00ADDD19 /* HttpGetClient.swift in Sources */ = {isa = PBXBuildFile; fileRef = 905A6174254E56ED00ADDD19 /* HttpGetClient.swift */; };
		90BBB77025450D830044ED5A /* AppDelegate.swift in Sources */ = {isa = PBXBuildFile; fileRef = 90BBB76F25450D830044ED5A /* AppDelegate.swift */; };
		90BBB77225450D830044ED5A /* SceneDelegate.swift in Sources */ = {isa = PBXBuildFile; fileRef = 90BBB77125450D830044ED5A /* SceneDelegate.swift */; };
		90BBB77425450D830044ED5A /* ViewController.swift in Sources */ = {isa = PBXBuildFile; fileRef = 90BBB77325450D830044ED5A /* ViewController.swift */; };
		90BBB77725450D830044ED5A /* Main.storyboard in Resources */ = {isa = PBXBuildFile; fileRef = 90BBB77525450D830044ED5A /* Main.storyboard */; };
		90BBB77925450D840044ED5A /* Assets.xcassets in Resources */ = {isa = PBXBuildFile; fileRef = 90BBB77825450D840044ED5A /* Assets.xcassets */; };
		90BBB77C25450D840044ED5A /* LaunchScreen.storyboard in Resources */ = {isa = PBXBuildFile; fileRef = 90BBB77A25450D840044ED5A /* LaunchScreen.storyboard */; };
		90FE188F254DC43A00A340A1 /* GetCurrencyModel.swift in Sources */ = {isa = PBXBuildFile; fileRef = 90FE188E254DC43A00A340A1 /* GetCurrencyModel.swift */; };
		B8DBB404B57EE285DF03B13E /* Pods_Currency_Convert.framework in Frameworks */ = {isa = PBXBuildFile; fileRef = FE3868558E9437B69C1F616C /* Pods_Currency_Convert.framework */; };
/* End PBXBuildFile section */

/* Begin PBXContainerItemProxy section */
		903AEC61254DB3DE00F436B9 /* PBXContainerItemProxy */ = {
			isa = PBXContainerItemProxy;
			containerPortal = 90BBB76425450D830044ED5A /* Project object */;
			proxyType = 1;
			remoteGlobalIDString = 9058FF56254B97AC00FA4C6D;
			remoteInfo = Domain;
		};
		9058FF86254B9C8A00FA4C6D /* PBXContainerItemProxy */ = {
			isa = PBXContainerItemProxy;
			containerPortal = 90BBB76425450D830044ED5A /* Project object */;
			proxyType = 1;
			remoteGlobalIDString = 9058FF7B254B9C8A00FA4C6D;
			remoteInfo = Data;
		};
/* End PBXContainerItemProxy section */

/* Begin PBXCopyFilesBuildPhase section */
		903AEC63254DB3DE00F436B9 /* Embed Frameworks */ = {
			isa = PBXCopyFilesBuildPhase;
			buildActionMask = 2147483647;
			dstPath = "";
			dstSubfolderSpec = 10;
			files = (
				903AEC60254DB3DE00F436B9 /* Domain.framework in Embed Frameworks */,
			);
			name = "Embed Frameworks";
			runOnlyForDeploymentPostprocessing = 0;
		};
/* End PBXCopyFilesBuildPhase section */

/* Begin PBXFileReference section */
		9058FF57254B97AC00FA4C6D /* Domain.framework */ = {isa = PBXFileReference; explicitFileType = wrapper.framework; includeInIndex = 0; path = Domain.framework; sourceTree = BUILT_PRODUCTS_DIR; };
		9058FF5A254B97AC00FA4C6D /* Info.plist */ = {isa = PBXFileReference; lastKnownFileType = text.plist.xml; path = Info.plist; sourceTree = "<group>"; };
		9058FF63254B98C600FA4C6D /* GetCurrency.swift */ = {isa = PBXFileReference; lastKnownFileType = sourcecode.swift; path = GetCurrency.swift; sourceTree = "<group>"; };
		9058FF69254B9ADE00FA4C6D /* CurrencyModel.swift */ = {isa = PBXFileReference; lastKnownFileType = sourcecode.swift; path = CurrencyModel.swift; sourceTree = "<group>"; };
		9058FF7C254B9C8A00FA4C6D /* Data.framework */ = {isa = PBXFileReference; explicitFileType = wrapper.framework; includeInIndex = 0; path = Data.framework; sourceTree = BUILT_PRODUCTS_DIR; };
		9058FF7F254B9C8A00FA4C6D /* Info.plist */ = {isa = PBXFileReference; lastKnownFileType = text.plist.xml; path = Info.plist; sourceTree = "<group>"; };
		9058FF84254B9C8A00FA4C6D /* DataTests.xctest */ = {isa = PBXFileReference; explicitFileType = wrapper.cfbundle; includeInIndex = 0; path = DataTests.xctest; sourceTree = BUILT_PRODUCTS_DIR; };
		9058FF89254B9C8A00FA4C6D /* RemoteGetCurrencyTests.swift */ = {isa = PBXFileReference; lastKnownFileType = sourcecode.swift; path = RemoteGetCurrencyTests.swift; sourceTree = "<group>"; };
		9058FF8B254B9C8A00FA4C6D /* Info.plist */ = {isa = PBXFileReference; lastKnownFileType = text.plist.xml; path = Info.plist; sourceTree = "<group>"; };
		905A616A254E55A700ADDD19 /* Model.swift */ = {isa = PBXFileReference; lastKnownFileType = sourcecode.swift; path = Model.swift; sourceTree = "<group>"; };
		905A616F254E566D00ADDD19 /* RemoteGetCurrency.swift */ = {isa = PBXFileReference; lastKnownFileType = sourcecode.swift; path = RemoteGetCurrency.swift; sourceTree = "<group>"; };
		905A6174254E56ED00ADDD19 /* HttpGetClient.swift */ = {isa = PBXFileReference; lastKnownFileType = sourcecode.swift; path = HttpGetClient.swift; sourceTree = "<group>"; };
		90BBB76C25450D830044ED5A /* Currency-Convert.app */ = {isa = PBXFileReference; explicitFileType = wrapper.application; includeInIndex = 0; path = "Currency-Convert.app"; sourceTree = BUILT_PRODUCTS_DIR; };
		90BBB76F25450D830044ED5A /* AppDelegate.swift */ = {isa = PBXFileReference; lastKnownFileType = sourcecode.swift; path = AppDelegate.swift; sourceTree = "<group>"; };
		90BBB77125450D830044ED5A /* SceneDelegate.swift */ = {isa = PBXFileReference; lastKnownFileType = sourcecode.swift; path = SceneDelegate.swift; sourceTree = "<group>"; };
		90BBB77325450D830044ED5A /* ViewController.swift */ = {isa = PBXFileReference; lastKnownFileType = sourcecode.swift; path = ViewController.swift; sourceTree = "<group>"; };
		90BBB77625450D830044ED5A /* Base */ = {isa = PBXFileReference; lastKnownFileType = file.storyboard; name = Base; path = Base.lproj/Main.storyboard; sourceTree = "<group>"; };
		90BBB77825450D840044ED5A /* Assets.xcassets */ = {isa = PBXFileReference; lastKnownFileType = folder.assetcatalog; path = Assets.xcassets; sourceTree = "<group>"; };
		90BBB77B25450D840044ED5A /* Base */ = {isa = PBXFileReference; lastKnownFileType = file.storyboard; name = Base; path = Base.lproj/LaunchScreen.storyboard; sourceTree = "<group>"; };
		90BBB77D25450D840044ED5A /* Info.plist */ = {isa = PBXFileReference; lastKnownFileType = text.plist.xml; path = Info.plist; sourceTree = "<group>"; };
		90FE188E254DC43A00A340A1 /* GetCurrencyModel.swift */ = {isa = PBXFileReference; lastKnownFileType = sourcecode.swift; path = GetCurrencyModel.swift; sourceTree = "<group>"; };
		BEC7BE11DDAAD9C23924FB27 /* Pods-Currency-Convert.debug.xcconfig */ = {isa = PBXFileReference; includeInIndex = 1; lastKnownFileType = text.xcconfig; name = "Pods-Currency-Convert.debug.xcconfig"; path = "Target Support Files/Pods-Currency-Convert/Pods-Currency-Convert.debug.xcconfig"; sourceTree = "<group>"; };
		D11BAB5B4A8975DB11935C55 /* Pods-Currency-Convert.release.xcconfig */ = {isa = PBXFileReference; includeInIndex = 1; lastKnownFileType = text.xcconfig; name = "Pods-Currency-Convert.release.xcconfig"; path = "Target Support Files/Pods-Currency-Convert/Pods-Currency-Convert.release.xcconfig"; sourceTree = "<group>"; };
		FE3868558E9437B69C1F616C /* Pods_Currency_Convert.framework */ = {isa = PBXFileReference; explicitFileType = wrapper.framework; includeInIndex = 0; path = Pods_Currency_Convert.framework; sourceTree = BUILT_PRODUCTS_DIR; };
/* End PBXFileReference section */

/* Begin PBXFrameworksBuildPhase section */
		9058FF54254B97AC00FA4C6D /* Frameworks */ = {
			isa = PBXFrameworksBuildPhase;
			buildActionMask = 2147483647;
			files = (
			);
			runOnlyForDeploymentPostprocessing = 0;
		};
		9058FF79254B9C8A00FA4C6D /* Frameworks */ = {
			isa = PBXFrameworksBuildPhase;
			buildActionMask = 2147483647;
			files = (
				903AEC5F254DB3DE00F436B9 /* Domain.framework in Frameworks */,
			);
			runOnlyForDeploymentPostprocessing = 0;
		};
		9058FF81254B9C8A00FA4C6D /* Frameworks */ = {
			isa = PBXFrameworksBuildPhase;
			buildActionMask = 2147483647;
			files = (
				9058FF85254B9C8A00FA4C6D /* Data.framework in Frameworks */,
			);
			runOnlyForDeploymentPostprocessing = 0;
		};
		90BBB76925450D830044ED5A /* Frameworks */ = {
			isa = PBXFrameworksBuildPhase;
			buildActionMask = 2147483647;
			files = (
				B8DBB404B57EE285DF03B13E /* Pods_Currency_Convert.framework in Frameworks */,
			);
			runOnlyForDeploymentPostprocessing = 0;
		};
/* End PBXFrameworksBuildPhase section */

/* Begin PBXGroup section */
		2D85552D0A945C3CE4891513 /* Frameworks */ = {
			isa = PBXGroup;
			children = (
				FE3868558E9437B69C1F616C /* Pods_Currency_Convert.framework */,
			);
			name = Frameworks;
			sourceTree = "<group>";
		};
		9058FF58254B97AC00FA4C6D /* Domain */ = {
			isa = PBXGroup;
			children = (
				905A617E254E57FD00ADDD19 /* UseCases */,
				905A6185254E580E00ADDD19 /* Models */,
				9058FF5A254B97AC00FA4C6D /* Info.plist */,
			);
			path = Domain;
			sourceTree = "<group>";
		};
		9058FF7D254B9C8A00FA4C6D /* Data */ = {
			isa = PBXGroup;
			children = (
				905A6189254E583200ADDD19 /* UseCases */,
				905A618D254E583C00ADDD19 /* Http */,
				9058FF7F254B9C8A00FA4C6D /* Info.plist */,
			);
			path = Data;
			sourceTree = "<group>";
		};
		9058FF88254B9C8A00FA4C6D /* DataTests */ = {
			isa = PBXGroup;
			children = (
				905A6191254E585700ADDD19 /* UseCases */,
				9058FF8B254B9C8A00FA4C6D /* Info.plist */,
			);
			path = DataTests;
			sourceTree = "<group>";
		};
		905A617E254E57FD00ADDD19 /* UseCases */ = {
			isa = PBXGroup;
			children = (
				9058FF63254B98C600FA4C6D /* GetCurrency.swift */,
			);
			path = UseCases;
			sourceTree = "<group>";
		};
		905A6185254E580E00ADDD19 /* Models */ = {
			isa = PBXGroup;
			children = (
				90FE188E254DC43A00A340A1 /* GetCurrencyModel.swift */,
				9058FF69254B9ADE00FA4C6D /* CurrencyModel.swift */,
				905A616A254E55A700ADDD19 /* Model.swift */,
			);
			path = Models;
			sourceTree = "<group>";
		};
		905A6189254E583200ADDD19 /* UseCases */ = {
			isa = PBXGroup;
			children = (
				905A616F254E566D00ADDD19 /* RemoteGetCurrency.swift */,
			);
			path = UseCases;
			sourceTree = "<group>";
		};
		905A618D254E583C00ADDD19 /* Http */ = {
			isa = PBXGroup;
			children = (
				905A6174254E56ED00ADDD19 /* HttpGetClient.swift */,
			);
			path = Http;
			sourceTree = "<group>";
		};
		905A6191254E585700ADDD19 /* UseCases */ = {
			isa = PBXGroup;
			children = (
				9058FF89254B9C8A00FA4C6D /* RemoteGetCurrencyTests.swift */,
			);
			path = UseCases;
			sourceTree = "<group>";
		};
		90BBB76325450D830044ED5A = {
			isa = PBXGroup;
			children = (
				90BBB76E25450D830044ED5A /* Currency-Convert */,
				9058FF58254B97AC00FA4C6D /* Domain */,
				9058FF7D254B9C8A00FA4C6D /* Data */,
				9058FF88254B9C8A00FA4C6D /* DataTests */,
				90BBB76D25450D830044ED5A /* Products */,
				F6DF40C49A36DB7EC7875AEF /* Pods */,
				2D85552D0A945C3CE4891513 /* Frameworks */,
			);
			sourceTree = "<group>";
		};
		90BBB76D25450D830044ED5A /* Products */ = {
			isa = PBXGroup;
			children = (
				90BBB76C25450D830044ED5A /* Currency-Convert.app */,
				9058FF57254B97AC00FA4C6D /* Domain.framework */,
				9058FF7C254B9C8A00FA4C6D /* Data.framework */,
				9058FF84254B9C8A00FA4C6D /* DataTests.xctest */,
			);
			name = Products;
			sourceTree = "<group>";
		};
		90BBB76E25450D830044ED5A /* Currency-Convert */ = {
			isa = PBXGroup;
			children = (
				90BBB76F25450D830044ED5A /* AppDelegate.swift */,
				90BBB77125450D830044ED5A /* SceneDelegate.swift */,
				90BBB77325450D830044ED5A /* ViewController.swift */,
				90BBB77525450D830044ED5A /* Main.storyboard */,
				90BBB77825450D840044ED5A /* Assets.xcassets */,
				90BBB77A25450D840044ED5A /* LaunchScreen.storyboard */,
				90BBB77D25450D840044ED5A /* Info.plist */,
			);
			path = "Currency-Convert";
			sourceTree = "<group>";
		};
		F6DF40C49A36DB7EC7875AEF /* Pods */ = {
			isa = PBXGroup;
			children = (
				BEC7BE11DDAAD9C23924FB27 /* Pods-Currency-Convert.debug.xcconfig */,
				D11BAB5B4A8975DB11935C55 /* Pods-Currency-Convert.release.xcconfig */,
			);
			path = Pods;
			sourceTree = "<group>";
		};
/* End PBXGroup section */

/* Begin PBXHeadersBuildPhase section */
		9058FF52254B97AC00FA4C6D /* Headers */ = {
			isa = PBXHeadersBuildPhase;
			buildActionMask = 2147483647;
			files = (
			);
			runOnlyForDeploymentPostprocessing = 0;
		};
		9058FF77254B9C8A00FA4C6D /* Headers */ = {
			isa = PBXHeadersBuildPhase;
			buildActionMask = 2147483647;
			files = (
			);
			runOnlyForDeploymentPostprocessing = 0;
		};
/* End PBXHeadersBuildPhase section */

/* Begin PBXNativeTarget section */
		9058FF56254B97AC00FA4C6D /* Domain */ = {
			isa = PBXNativeTarget;
			buildConfigurationList = 9058FF5E254B97AC00FA4C6D /* Build configuration list for PBXNativeTarget "Domain" */;
			buildPhases = (
				9058FF52254B97AC00FA4C6D /* Headers */,
				9058FF53254B97AC00FA4C6D /* Sources */,
				9058FF54254B97AC00FA4C6D /* Frameworks */,
				9058FF55254B97AC00FA4C6D /* Resources */,
			);
			buildRules = (
			);
			dependencies = (
			);
			name = Domain;
			productName = Domain;
			productReference = 9058FF57254B97AC00FA4C6D /* Domain.framework */;
			productType = "com.apple.product-type.framework";
		};
		9058FF7B254B9C8A00FA4C6D /* Data */ = {
			isa = PBXNativeTarget;
			buildConfigurationList = 9058FF8D254B9C8A00FA4C6D /* Build configuration list for PBXNativeTarget "Data" */;
			buildPhases = (
				9058FF77254B9C8A00FA4C6D /* Headers */,
				9058FF78254B9C8A00FA4C6D /* Sources */,
				9058FF79254B9C8A00FA4C6D /* Frameworks */,
				9058FF7A254B9C8A00FA4C6D /* Resources */,
				903AEC63254DB3DE00F436B9 /* Embed Frameworks */,
			);
			buildRules = (
			);
			dependencies = (
				903AEC62254DB3DE00F436B9 /* PBXTargetDependency */,
			);
			name = Data;
			productName = Data;
			productReference = 9058FF7C254B9C8A00FA4C6D /* Data.framework */;
			productType = "com.apple.product-type.framework";
		};
		9058FF83254B9C8A00FA4C6D /* DataTests */ = {
			isa = PBXNativeTarget;
			buildConfigurationList = 9058FF90254B9C8A00FA4C6D /* Build configuration list for PBXNativeTarget "DataTests" */;
			buildPhases = (
				9058FF80254B9C8A00FA4C6D /* Sources */,
				9058FF81254B9C8A00FA4C6D /* Frameworks */,
				9058FF82254B9C8A00FA4C6D /* Resources */,
			);
			buildRules = (
			);
			dependencies = (
				9058FF87254B9C8A00FA4C6D /* PBXTargetDependency */,
			);
			name = DataTests;
			productName = DataTests;
			productReference = 9058FF84254B9C8A00FA4C6D /* DataTests.xctest */;
			productType = "com.apple.product-type.bundle.unit-test";
		};
		90BBB76B25450D830044ED5A /* Currency-Convert */ = {
			isa = PBXNativeTarget;
			buildConfigurationList = 90BBB78025450D840044ED5A /* Build configuration list for PBXNativeTarget "Currency-Convert" */;
			buildPhases = (
				57401C8AF4399D3CB7870700 /* [CP] Check Pods Manifest.lock */,
				90BBB76825450D830044ED5A /* Sources */,
				90BBB76925450D830044ED5A /* Frameworks */,
				90BBB76A25450D830044ED5A /* Resources */,
				42F27640C9D32B873C4E561E /* [CP] Embed Pods Frameworks */,
			);
			buildRules = (
			);
			dependencies = (
			);
			name = "Currency-Convert";
			productName = "Currency-Convert";
			productReference = 90BBB76C25450D830044ED5A /* Currency-Convert.app */;
			productType = "com.apple.product-type.application";
		};
/* End PBXNativeTarget section */

/* Begin PBXProject section */
		90BBB76425450D830044ED5A /* Project object */ = {
			isa = PBXProject;
			attributes = {
				LastSwiftUpdateCheck = 1210;
				LastUpgradeCheck = 1210;
				ORGANIZATIONNAME = "ewerson castelo";
				TargetAttributes = {
					9058FF56254B97AC00FA4C6D = {
						CreatedOnToolsVersion = 12.1;
						LastSwiftMigration = 1210;
					};
					9058FF7B254B9C8A00FA4C6D = {
						CreatedOnToolsVersion = 12.1;
						LastSwiftMigration = 1210;
					};
					9058FF83254B9C8A00FA4C6D = {
						CreatedOnToolsVersion = 12.1;
					};
					90BBB76B25450D830044ED5A = {
						CreatedOnToolsVersion = 11.5;
					};
				};
			};
			buildConfigurationList = 90BBB76725450D830044ED5A /* Build configuration list for PBXProject "Currency-Convert" */;
			compatibilityVersion = "Xcode 9.3";
			developmentRegion = en;
			hasScannedForEncodings = 0;
			knownRegions = (
				en,
				Base,
			);
			mainGroup = 90BBB76325450D830044ED5A;
			productRefGroup = 90BBB76D25450D830044ED5A /* Products */;
			projectDirPath = "";
			projectRoot = "";
			targets = (
				90BBB76B25450D830044ED5A /* Currency-Convert */,
				9058FF56254B97AC00FA4C6D /* Domain */,
				9058FF7B254B9C8A00FA4C6D /* Data */,
				9058FF83254B9C8A00FA4C6D /* DataTests */,
			);
		};
/* End PBXProject section */

/* Begin PBXResourcesBuildPhase section */
		9058FF55254B97AC00FA4C6D /* Resources */ = {
			isa = PBXResourcesBuildPhase;
			buildActionMask = 2147483647;
			files = (
			);
			runOnlyForDeploymentPostprocessing = 0;
		};
		9058FF7A254B9C8A00FA4C6D /* Resources */ = {
			isa = PBXResourcesBuildPhase;
			buildActionMask = 2147483647;
			files = (
			);
			runOnlyForDeploymentPostprocessing = 0;
		};
		9058FF82254B9C8A00FA4C6D /* Resources */ = {
			isa = PBXResourcesBuildPhase;
			buildActionMask = 2147483647;
			files = (
			);
			runOnlyForDeploymentPostprocessing = 0;
		};
		90BBB76A25450D830044ED5A /* Resources */ = {
			isa = PBXResourcesBuildPhase;
			buildActionMask = 2147483647;
			files = (
				90BBB77C25450D840044ED5A /* LaunchScreen.storyboard in Resources */,
				90BBB77925450D840044ED5A /* Assets.xcassets in Resources */,
				90BBB77725450D830044ED5A /* Main.storyboard in Resources */,
			);
			runOnlyForDeploymentPostprocessing = 0;
		};
/* End PBXResourcesBuildPhase section */

/* Begin PBXShellScriptBuildPhase section */
		42F27640C9D32B873C4E561E /* [CP] Embed Pods Frameworks */ = {
			isa = PBXShellScriptBuildPhase;
			buildActionMask = 2147483647;
			files = (
			);
			inputFileListPaths = (
				"${PODS_ROOT}/Target Support Files/Pods-Currency-Convert/Pods-Currency-Convert-frameworks-${CONFIGURATION}-input-files.xcfilelist",
			);
			name = "[CP] Embed Pods Frameworks";
			outputFileListPaths = (
				"${PODS_ROOT}/Target Support Files/Pods-Currency-Convert/Pods-Currency-Convert-frameworks-${CONFIGURATION}-output-files.xcfilelist",
			);
			runOnlyForDeploymentPostprocessing = 0;
			shellPath = /bin/sh;
			shellScript = "\"${PODS_ROOT}/Target Support Files/Pods-Currency-Convert/Pods-Currency-Convert-frameworks.sh\"\n";
			showEnvVarsInLog = 0;
		};
		57401C8AF4399D3CB7870700 /* [CP] Check Pods Manifest.lock */ = {
			isa = PBXShellScriptBuildPhase;
			buildActionMask = 2147483647;
			files = (
			);
			inputFileListPaths = (
			);
			inputPaths = (
				"${PODS_PODFILE_DIR_PATH}/Podfile.lock",
				"${PODS_ROOT}/Manifest.lock",
			);
			name = "[CP] Check Pods Manifest.lock";
			outputFileListPaths = (
			);
			outputPaths = (
				"$(DERIVED_FILE_DIR)/Pods-Currency-Convert-checkManifestLockResult.txt",
			);
			runOnlyForDeploymentPostprocessing = 0;
			shellPath = /bin/sh;
			shellScript = "diff \"${PODS_PODFILE_DIR_PATH}/Podfile.lock\" \"${PODS_ROOT}/Manifest.lock\" > /dev/null\nif [ $? != 0 ] ; then\n    # print error to STDERR\n    echo \"error: The sandbox is not in sync with the Podfile.lock. Run 'pod install' or update your CocoaPods installation.\" >&2\n    exit 1\nfi\n# This output is used by Xcode 'outputs' to avoid re-running this script phase.\necho \"SUCCESS\" > \"${SCRIPT_OUTPUT_FILE_0}\"\n";
			showEnvVarsInLog = 0;
		};
/* End PBXShellScriptBuildPhase section */

/* Begin PBXSourcesBuildPhase section */
		9058FF53254B97AC00FA4C6D /* Sources */ = {
			isa = PBXSourcesBuildPhase;
			buildActionMask = 2147483647;
			files = (
				90FE188F254DC43A00A340A1 /* GetCurrencyModel.swift in Sources */,
				9058FF64254B98C600FA4C6D /* GetCurrency.swift in Sources */,
				9058FF6A254B9ADE00FA4C6D /* CurrencyModel.swift in Sources */,
				905A616B254E55A700ADDD19 /* Model.swift in Sources */,
			);
			runOnlyForDeploymentPostprocessing = 0;
		};
		9058FF78254B9C8A00FA4C6D /* Sources */ = {
			isa = PBXSourcesBuildPhase;
			buildActionMask = 2147483647;
			files = (
				905A6170254E566D00ADDD19 /* RemoteGetCurrency.swift in Sources */,
				905A6175254E56ED00ADDD19 /* HttpGetClient.swift in Sources */,
			);
			runOnlyForDeploymentPostprocessing = 0;
		};
		9058FF80254B9C8A00FA4C6D /* Sources */ = {
			isa = PBXSourcesBuildPhase;
			buildActionMask = 2147483647;
			files = (
				9058FF8A254B9C8A00FA4C6D /* RemoteGetCurrencyTests.swift in Sources */,
			);
			runOnlyForDeploymentPostprocessing = 0;
		};
		90BBB76825450D830044ED5A /* Sources */ = {
			isa = PBXSourcesBuildPhase;
			buildActionMask = 2147483647;
			files = (
				90BBB77425450D830044ED5A /* ViewController.swift in Sources */,
				90BBB77025450D830044ED5A /* AppDelegate.swift in Sources */,
				90BBB77225450D830044ED5A /* SceneDelegate.swift in Sources */,
			);
			runOnlyForDeploymentPostprocessing = 0;
		};
/* End PBXSourcesBuildPhase section */

/* Begin PBXTargetDependency section */
		903AEC62254DB3DE00F436B9 /* PBXTargetDependency */ = {
			isa = PBXTargetDependency;
			target = 9058FF56254B97AC00FA4C6D /* Domain */;
			targetProxy = 903AEC61254DB3DE00F436B9 /* PBXContainerItemProxy */;
		};
		9058FF87254B9C8A00FA4C6D /* PBXTargetDependency */ = {
			isa = PBXTargetDependency;
			target = 9058FF7B254B9C8A00FA4C6D /* Data */;
			targetProxy = 9058FF86254B9C8A00FA4C6D /* PBXContainerItemProxy */;
		};
/* End PBXTargetDependency section */

/* Begin PBXVariantGroup section */
		90BBB77525450D830044ED5A /* Main.storyboard */ = {
			isa = PBXVariantGroup;
			children = (
				90BBB77625450D830044ED5A /* Base */,
			);
			name = Main.storyboard;
			sourceTree = "<group>";
		};
		90BBB77A25450D840044ED5A /* LaunchScreen.storyboard */ = {
			isa = PBXVariantGroup;
			children = (
				90BBB77B25450D840044ED5A /* Base */,
			);
			name = LaunchScreen.storyboard;
			sourceTree = "<group>";
		};
/* End PBXVariantGroup section */

/* Begin XCBuildConfiguration section */
		9058FF5C254B97AC00FA4C6D /* Debug */ = {
			isa = XCBuildConfiguration;
			buildSettings = {
				CLANG_ENABLE_MODULES = YES;
				CODE_SIGN_STYLE = Automatic;
				COMBINE_HIDPI_IMAGES = YES;
				CURRENT_PROJECT_VERSION = 1;
				DEFINES_MODULE = YES;
				DEVELOPMENT_TEAM = 4TP5KVW8P3;
				DYLIB_COMPATIBILITY_VERSION = 1;
				DYLIB_CURRENT_VERSION = 1;
				DYLIB_INSTALL_NAME_BASE = "@rpath";
				INFOPLIST_FILE = Domain/Info.plist;
				INSTALL_PATH = "$(LOCAL_LIBRARY_DIR)/Frameworks";
				LD_RUNPATH_SEARCH_PATHS = (
					"$(inherited)",
					"@executable_path/../Frameworks",
					"@loader_path/Frameworks",
				);
				MACOSX_DEPLOYMENT_TARGET = 10.15;
				PRODUCT_BUNDLE_IDENTIFIER = dev.ewersoncastelo.Domain;
				PRODUCT_NAME = "$(TARGET_NAME:c99extidentifier)";
				SDKROOT = macosx;
				SKIP_INSTALL = YES;
				SWIFT_OPTIMIZATION_LEVEL = "-Onone";
				SWIFT_VERSION = 5.0;
				VERSIONING_SYSTEM = "apple-generic";
				VERSION_INFO_PREFIX = "";
			};
			name = Debug;
		};
		9058FF5D254B97AC00FA4C6D /* Release */ = {
			isa = XCBuildConfiguration;
			buildSettings = {
				CLANG_ENABLE_MODULES = YES;
				CODE_SIGN_STYLE = Automatic;
				COMBINE_HIDPI_IMAGES = YES;
				CURRENT_PROJECT_VERSION = 1;
				DEFINES_MODULE = YES;
				DEVELOPMENT_TEAM = 4TP5KVW8P3;
				DYLIB_COMPATIBILITY_VERSION = 1;
				DYLIB_CURRENT_VERSION = 1;
				DYLIB_INSTALL_NAME_BASE = "@rpath";
				INFOPLIST_FILE = Domain/Info.plist;
				INSTALL_PATH = "$(LOCAL_LIBRARY_DIR)/Frameworks";
				LD_RUNPATH_SEARCH_PATHS = (
					"$(inherited)",
					"@executable_path/../Frameworks",
					"@loader_path/Frameworks",
				);
				MACOSX_DEPLOYMENT_TARGET = 10.15;
				PRODUCT_BUNDLE_IDENTIFIER = dev.ewersoncastelo.Domain;
				PRODUCT_NAME = "$(TARGET_NAME:c99extidentifier)";
				SDKROOT = macosx;
				SKIP_INSTALL = YES;
				SWIFT_VERSION = 5.0;
				VERSIONING_SYSTEM = "apple-generic";
				VERSION_INFO_PREFIX = "";
			};
			name = Release;
		};
		9058FF8E254B9C8A00FA4C6D /* Debug */ = {
			isa = XCBuildConfiguration;
			buildSettings = {
				CLANG_ENABLE_MODULES = YES;
				CODE_SIGN_STYLE = Automatic;
				COMBINE_HIDPI_IMAGES = YES;
				CURRENT_PROJECT_VERSION = 1;
				DEFINES_MODULE = YES;
				DEVELOPMENT_TEAM = 4TP5KVW8P3;
				DYLIB_COMPATIBILITY_VERSION = 1;
				DYLIB_CURRENT_VERSION = 1;
				DYLIB_INSTALL_NAME_BASE = "@rpath";
				INFOPLIST_FILE = Data/Info.plist;
				INSTALL_PATH = "$(LOCAL_LIBRARY_DIR)/Frameworks";
				LD_RUNPATH_SEARCH_PATHS = (
					"$(inherited)",
					"@executable_path/../Frameworks",
					"@loader_path/Frameworks",
				);
				MACOSX_DEPLOYMENT_TARGET = 10.15;
				PRODUCT_BUNDLE_IDENTIFIER = dev.ewersoncastelo.Data;
				PRODUCT_NAME = "$(TARGET_NAME:c99extidentifier)";
				SDKROOT = macosx;
				SKIP_INSTALL = YES;
				SWIFT_OPTIMIZATION_LEVEL = "-Onone";
				SWIFT_VERSION = 5.0;
				VERSIONING_SYSTEM = "apple-generic";
				VERSION_INFO_PREFIX = "";
			};
			name = Debug;
		};
		9058FF8F254B9C8A00FA4C6D /* Release */ = {
			isa = XCBuildConfiguration;
			buildSettings = {
				CLANG_ENABLE_MODULES = YES;
				CODE_SIGN_STYLE = Automatic;
				COMBINE_HIDPI_IMAGES = YES;
				CURRENT_PROJECT_VERSION = 1;
				DEFINES_MODULE = YES;
				DEVELOPMENT_TEAM = 4TP5KVW8P3;
				DYLIB_COMPATIBILITY_VERSION = 1;
				DYLIB_CURRENT_VERSION = 1;
				DYLIB_INSTALL_NAME_BASE = "@rpath";
				INFOPLIST_FILE = Data/Info.plist;
				INSTALL_PATH = "$(LOCAL_LIBRARY_DIR)/Frameworks";
				LD_RUNPATH_SEARCH_PATHS = (
					"$(inherited)",
					"@executable_path/../Frameworks",
					"@loader_path/Frameworks",
				);
				MACOSX_DEPLOYMENT_TARGET = 10.15;
				PRODUCT_BUNDLE_IDENTIFIER = dev.ewersoncastelo.Data;
				PRODUCT_NAME = "$(TARGET_NAME:c99extidentifier)";
				SDKROOT = macosx;
				SKIP_INSTALL = YES;
				SWIFT_VERSION = 5.0;
				VERSIONING_SYSTEM = "apple-generic";
				VERSION_INFO_PREFIX = "";
			};
			name = Release;
		};
		9058FF91254B9C8A00FA4C6D /* Debug */ = {
			isa = XCBuildConfiguration;
			buildSettings = {
				ALWAYS_EMBED_SWIFT_STANDARD_LIBRARIES = YES;
				CODE_SIGN_STYLE = Automatic;
				COMBINE_HIDPI_IMAGES = YES;
				DEVELOPMENT_TEAM = 4TP5KVW8P3;
				INFOPLIST_FILE = DataTests/Info.plist;
				LD_RUNPATH_SEARCH_PATHS = (
					"$(inherited)",
					"@executable_path/../Frameworks",
					"@loader_path/../Frameworks",
				);
				MACOSX_DEPLOYMENT_TARGET = 10.15;
				PRODUCT_BUNDLE_IDENTIFIER = dev.ewersoncastelo.DataTests;
				PRODUCT_NAME = "$(TARGET_NAME)";
				SDKROOT = macosx;
				SWIFT_VERSION = 5.0;
			};
			name = Debug;
		};
		9058FF92254B9C8A00FA4C6D /* Release */ = {
			isa = XCBuildConfiguration;
			buildSettings = {
				ALWAYS_EMBED_SWIFT_STANDARD_LIBRARIES = YES;
				CODE_SIGN_STYLE = Automatic;
				COMBINE_HIDPI_IMAGES = YES;
				DEVELOPMENT_TEAM = 4TP5KVW8P3;
				INFOPLIST_FILE = DataTests/Info.plist;
				LD_RUNPATH_SEARCH_PATHS = (
					"$(inherited)",
					"@executable_path/../Frameworks",
					"@loader_path/../Frameworks",
				);
				MACOSX_DEPLOYMENT_TARGET = 10.15;
				PRODUCT_BUNDLE_IDENTIFIER = dev.ewersoncastelo.DataTests;
				PRODUCT_NAME = "$(TARGET_NAME)";
				SDKROOT = macosx;
				SWIFT_VERSION = 5.0;
			};
			name = Release;
		};
		90BBB77E25450D840044ED5A /* Debug */ = {
			isa = XCBuildConfiguration;
			buildSettings = {
				ALWAYS_SEARCH_USER_PATHS = NO;
				CLANG_ANALYZER_NONNULL = YES;
				CLANG_ANALYZER_NUMBER_OBJECT_CONVERSION = YES_AGGRESSIVE;
				CLANG_CXX_LANGUAGE_STANDARD = "gnu++14";
				CLANG_CXX_LIBRARY = "libc++";
				CLANG_ENABLE_MODULES = YES;
				CLANG_ENABLE_OBJC_ARC = YES;
				CLANG_ENABLE_OBJC_WEAK = YES;
				CLANG_WARN_BLOCK_CAPTURE_AUTORELEASING = YES;
				CLANG_WARN_BOOL_CONVERSION = YES;
				CLANG_WARN_COMMA = YES;
				CLANG_WARN_CONSTANT_CONVERSION = YES;
				CLANG_WARN_DEPRECATED_OBJC_IMPLEMENTATIONS = YES;
				CLANG_WARN_DIRECT_OBJC_ISA_USAGE = YES_ERROR;
				CLANG_WARN_DOCUMENTATION_COMMENTS = YES;
				CLANG_WARN_EMPTY_BODY = YES;
				CLANG_WARN_ENUM_CONVERSION = YES;
				CLANG_WARN_INFINITE_RECURSION = YES;
				CLANG_WARN_INT_CONVERSION = YES;
				CLANG_WARN_NON_LITERAL_NULL_CONVERSION = YES;
				CLANG_WARN_OBJC_IMPLICIT_RETAIN_SELF = YES;
				CLANG_WARN_OBJC_LITERAL_CONVERSION = YES;
				CLANG_WARN_OBJC_ROOT_CLASS = YES_ERROR;
				CLANG_WARN_QUOTED_INCLUDE_IN_FRAMEWORK_HEADER = YES;
				CLANG_WARN_RANGE_LOOP_ANALYSIS = YES;
				CLANG_WARN_STRICT_PROTOTYPES = YES;
				CLANG_WARN_SUSPICIOUS_MOVE = YES;
				CLANG_WARN_UNGUARDED_AVAILABILITY = YES_AGGRESSIVE;
				CLANG_WARN_UNREACHABLE_CODE = YES;
				CLANG_WARN__DUPLICATE_METHOD_MATCH = YES;
				COPY_PHASE_STRIP = NO;
				DEBUG_INFORMATION_FORMAT = dwarf;
				ENABLE_STRICT_OBJC_MSGSEND = YES;
				ENABLE_TESTABILITY = YES;
				GCC_C_LANGUAGE_STANDARD = gnu11;
				GCC_DYNAMIC_NO_PIC = NO;
				GCC_NO_COMMON_BLOCKS = YES;
				GCC_OPTIMIZATION_LEVEL = 0;
				GCC_PREPROCESSOR_DEFINITIONS = (
					"DEBUG=1",
					"$(inherited)",
				);
				GCC_WARN_64_TO_32_BIT_CONVERSION = YES;
				GCC_WARN_ABOUT_RETURN_TYPE = YES_ERROR;
				GCC_WARN_UNDECLARED_SELECTOR = YES;
				GCC_WARN_UNINITIALIZED_AUTOS = YES_AGGRESSIVE;
				GCC_WARN_UNUSED_FUNCTION = YES;
				GCC_WARN_UNUSED_VARIABLE = YES;
				IPHONEOS_DEPLOYMENT_TARGET = 13.0;
				MTL_ENABLE_DEBUG_INFO = INCLUDE_SOURCE;
				MTL_FAST_MATH = YES;
				ONLY_ACTIVE_ARCH = YES;
				SDKROOT = iphoneos;
				SWIFT_ACTIVE_COMPILATION_CONDITIONS = DEBUG;
				SWIFT_OPTIMIZATION_LEVEL = "-Onone";
			};
			name = Debug;
		};
		90BBB77F25450D840044ED5A /* Release */ = {
			isa = XCBuildConfiguration;
			buildSettings = {
				ALWAYS_SEARCH_USER_PATHS = NO;
				CLANG_ANALYZER_NONNULL = YES;
				CLANG_ANALYZER_NUMBER_OBJECT_CONVERSION = YES_AGGRESSIVE;
				CLANG_CXX_LANGUAGE_STANDARD = "gnu++14";
				CLANG_CXX_LIBRARY = "libc++";
				CLANG_ENABLE_MODULES = YES;
				CLANG_ENABLE_OBJC_ARC = YES;
				CLANG_ENABLE_OBJC_WEAK = YES;
				CLANG_WARN_BLOCK_CAPTURE_AUTORELEASING = YES;
				CLANG_WARN_BOOL_CONVERSION = YES;
				CLANG_WARN_COMMA = YES;
				CLANG_WARN_CONSTANT_CONVERSION = YES;
				CLANG_WARN_DEPRECATED_OBJC_IMPLEMENTATIONS = YES;
				CLANG_WARN_DIRECT_OBJC_ISA_USAGE = YES_ERROR;
				CLANG_WARN_DOCUMENTATION_COMMENTS = YES;
				CLANG_WARN_EMPTY_BODY = YES;
				CLANG_WARN_ENUM_CONVERSION = YES;
				CLANG_WARN_INFINITE_RECURSION = YES;
				CLANG_WARN_INT_CONVERSION = YES;
				CLANG_WARN_NON_LITERAL_NULL_CONVERSION = YES;
				CLANG_WARN_OBJC_IMPLICIT_RETAIN_SELF = YES;
				CLANG_WARN_OBJC_LITERAL_CONVERSION = YES;
				CLANG_WARN_OBJC_ROOT_CLASS = YES_ERROR;
				CLANG_WARN_QUOTED_INCLUDE_IN_FRAMEWORK_HEADER = YES;
				CLANG_WARN_RANGE_LOOP_ANALYSIS = YES;
				CLANG_WARN_STRICT_PROTOTYPES = YES;
				CLANG_WARN_SUSPICIOUS_MOVE = YES;
				CLANG_WARN_UNGUARDED_AVAILABILITY = YES_AGGRESSIVE;
				CLANG_WARN_UNREACHABLE_CODE = YES;
				CLANG_WARN__DUPLICATE_METHOD_MATCH = YES;
				COPY_PHASE_STRIP = NO;
				DEBUG_INFORMATION_FORMAT = "dwarf-with-dsym";
				ENABLE_NS_ASSERTIONS = NO;
				ENABLE_STRICT_OBJC_MSGSEND = YES;
				GCC_C_LANGUAGE_STANDARD = gnu11;
				GCC_NO_COMMON_BLOCKS = YES;
				GCC_WARN_64_TO_32_BIT_CONVERSION = YES;
				GCC_WARN_ABOUT_RETURN_TYPE = YES_ERROR;
				GCC_WARN_UNDECLARED_SELECTOR = YES;
				GCC_WARN_UNINITIALIZED_AUTOS = YES_AGGRESSIVE;
				GCC_WARN_UNUSED_FUNCTION = YES;
				GCC_WARN_UNUSED_VARIABLE = YES;
				IPHONEOS_DEPLOYMENT_TARGET = 13.0;
				MTL_ENABLE_DEBUG_INFO = NO;
				MTL_FAST_MATH = YES;
				SDKROOT = iphoneos;
				SWIFT_COMPILATION_MODE = wholemodule;
				SWIFT_OPTIMIZATION_LEVEL = "-O";
				VALIDATE_PRODUCT = YES;
			};
			name = Release;
		};
		90BBB78125450D840044ED5A /* Debug */ = {
			isa = XCBuildConfiguration;
			baseConfigurationReference = BEC7BE11DDAAD9C23924FB27 /* Pods-Currency-Convert.debug.xcconfig */;
			buildSettings = {
				ASSETCATALOG_COMPILER_APPICON_NAME = AppIcon;
				CODE_SIGN_STYLE = Automatic;
				DEVELOPMENT_TEAM = 4TP5KVW8P3;
				INFOPLIST_FILE = "Currency-Convert/Info.plist";
				IPHONEOS_DEPLOYMENT_TARGET = 12.0;
				LD_RUNPATH_SEARCH_PATHS = (
					"$(inherited)",
					"@executable_path/Frameworks",
				);
				PRODUCT_BUNDLE_IDENTIFIER = "dev.ewersoncastelo.Currency-Convert";
				PRODUCT_NAME = "$(TARGET_NAME)";
				SWIFT_VERSION = 5.0;
				TARGETED_DEVICE_FAMILY = "1,2";
			};
			name = Debug;
		};
		90BBB78225450D840044ED5A /* Release */ = {
			isa = XCBuildConfiguration;
			baseConfigurationReference = D11BAB5B4A8975DB11935C55 /* Pods-Currency-Convert.release.xcconfig */;
			buildSettings = {
				ASSETCATALOG_COMPILER_APPICON_NAME = AppIcon;
				CODE_SIGN_STYLE = Automatic;
				DEVELOPMENT_TEAM = 4TP5KVW8P3;
				INFOPLIST_FILE = "Currency-Convert/Info.plist";
				IPHONEOS_DEPLOYMENT_TARGET = 12.0;
				LD_RUNPATH_SEARCH_PATHS = (
					"$(inherited)",
					"@executable_path/Frameworks",
				);
				PRODUCT_BUNDLE_IDENTIFIER = "dev.ewersoncastelo.Currency-Convert";
				PRODUCT_NAME = "$(TARGET_NAME)";
				SWIFT_VERSION = 5.0;
				TARGETED_DEVICE_FAMILY = "1,2";
			};
			name = Release;
		};
/* End XCBuildConfiguration section */

/* Begin XCConfigurationList section */
		9058FF5E254B97AC00FA4C6D /* Build configuration list for PBXNativeTarget "Domain" */ = {
			isa = XCConfigurationList;
			buildConfigurations = (
				9058FF5C254B97AC00FA4C6D /* Debug */,
				9058FF5D254B97AC00FA4C6D /* Release */,
			);
			defaultConfigurationIsVisible = 0;
			defaultConfigurationName = Release;
		};
		9058FF8D254B9C8A00FA4C6D /* Build configuration list for PBXNativeTarget "Data" */ = {
			isa = XCConfigurationList;
			buildConfigurations = (
				9058FF8E254B9C8A00FA4C6D /* Debug */,
				9058FF8F254B9C8A00FA4C6D /* Release */,
			);
			defaultConfigurationIsVisible = 0;
			defaultConfigurationName = Release;
		};
		9058FF90254B9C8A00FA4C6D /* Build configuration list for PBXNativeTarget "DataTests" */ = {
			isa = XCConfigurationList;
			buildConfigurations = (
				9058FF91254B9C8A00FA4C6D /* Debug */,
				9058FF92254B9C8A00FA4C6D /* Release */,
			);
			defaultConfigurationIsVisible = 0;
			defaultConfigurationName = Release;
		};
		90BBB76725450D830044ED5A /* Build configuration list for PBXProject "Currency-Convert" */ = {
			isa = XCConfigurationList;
			buildConfigurations = (
				90BBB77E25450D840044ED5A /* Debug */,
				90BBB77F25450D840044ED5A /* Release */,
			);
			defaultConfigurationIsVisible = 0;
			defaultConfigurationName = Release;
		};
		90BBB78025450D840044ED5A /* Build configuration list for PBXNativeTarget "Currency-Convert" */ = {
			isa = XCConfigurationList;
			buildConfigurations = (
				90BBB78125450D840044ED5A /* Debug */,
				90BBB78225450D840044ED5A /* Release */,
			);
			defaultConfigurationIsVisible = 0;
			defaultConfigurationName = Release;
		};
/* End XCConfigurationList section */
	};
	rootObject = 90BBB76425450D830044ED5A /* Project object */;
}
